
Microsoft Visual Studio Solution File, Format Version 12.00
# Visual Studio 15
VisualStudioVersion = 15.0.28010.2046
MinimumVisualStudioVersion = 10.0.40219.1
Project("{9A19103F-16F7-4668-BE54-9A1E7A4F7556}") = "neo", "neo\neo\neo.csproj", "{A7C01E9E-782E-4BB6-9B14-DE1385F776EC}"
EndProject
Project("{9A19103F-16F7-4668-BE54-9A1E7A4F7556}") = "ApplicationLogs", "neo-plugins\ApplicationLogs\ApplicationLogs.csproj", "{24248878-0BFF-40E4-A07D-E203D33260AC}"
EndProject
Project("{9A19103F-16F7-4668-BE54-9A1E7A4F7556}") = "ImportBlocks", "neo-plugins\ImportBlocks\ImportBlocks.csproj", "{430CC88E-296A-4CE9-AD18-FCFED666D4AC}"
EndProject
Project("{9A19103F-16F7-4668-BE54-9A1E7A4F7556}") = "RpcSecurity", "neo-plugins\RpcSecurity\RpcSecurity.csproj", "{723913FA-7079-456F-A02A-91DC785A13C9}"
EndProject
Project("{9A19103F-16F7-4668-BE54-9A1E7A4F7556}") = "SimplePolicy", "neo-plugins\SimplePolicy\SimplePolicy.csproj", "{F3A3B7E7-CF08-4754-8EFF-BE57315709C0}"
EndProject
Project("{9A19103F-16F7-4668-BE54-9A1E7A4F7556}") = "neo-cli", "neo-cli\neo-cli\neo-cli.csproj", "{3CA53202-B71A-487E-9279-ECD2FAC1EFD8}"
EndProject
Project("{9A19103F-16F7-4668-BE54-9A1E7A4F7556}") = "neon", "neo-compiler\neon\neon.csproj", "{9538D427-DD42-4B08-9592-5881AE024790}"
EndProject
Project("{9A19103F-16F7-4668-BE54-9A1E7A4F7556}") = "StatesDumper", "neo-plugins\StatesDumper\StatesDumper.csproj", "{49B21FC8-A773-4A5D-8915-BFE2A7B15C8A}"
EndProject
Project("{9A19103F-16F7-4668-BE54-9A1E7A4F7556}") = "SmartContract", "neo-plugins\SmartContract\SmartContract.csproj", "{701D94D3-DEE1-4F42-BD2C-D0AB1898ED3D}"
EndProject
Global
	GlobalSection(SolutionConfigurationPlatforms) = preSolution
		Debug|Any CPU = Debug|Any CPU
		Release|Any CPU = Release|Any CPU
	EndGlobalSection
	GlobalSection(ProjectConfigurationPlatforms) = postSolution
		{A7C01E9E-782E-4BB6-9B14-DE1385F776EC}.Debug|Any CPU.ActiveCfg = Debug|Any CPU
		{A7C01E9E-782E-4BB6-9B14-DE1385F776EC}.Debug|Any CPU.Build.0 = Debug|Any CPU
		{A7C01E9E-782E-4BB6-9B14-DE1385F776EC}.Release|Any CPU.ActiveCfg = Release|Any CPU
		{A7C01E9E-782E-4BB6-9B14-DE1385F776EC}.Release|Any CPU.Build.0 = Release|Any CPU
		{24248878-0BFF-40E4-A07D-E203D33260AC}.Debug|Any CPU.ActiveCfg = Debug|Any CPU
		{24248878-0BFF-40E4-A07D-E203D33260AC}.Debug|Any CPU.Build.0 = Debug|Any CPU
		{24248878-0BFF-40E4-A07D-E203D33260AC}.Release|Any CPU.ActiveCfg = Release|Any CPU
		{24248878-0BFF-40E4-A07D-E203D33260AC}.Release|Any CPU.Build.0 = Release|Any CPU
		{430CC88E-296A-4CE9-AD18-FCFED666D4AC}.Debug|Any CPU.ActiveCfg = Debug|Any CPU
		{430CC88E-296A-4CE9-AD18-FCFED666D4AC}.Debug|Any CPU.Build.0 = Debug|Any CPU
		{430CC88E-296A-4CE9-AD18-FCFED666D4AC}.Release|Any CPU.ActiveCfg = Release|Any CPU
		{430CC88E-296A-4CE9-AD18-FCFED666D4AC}.Release|Any CPU.Build.0 = Release|Any CPU
		{723913FA-7079-456F-A02A-91DC785A13C9}.Debug|Any CPU.ActiveCfg = Debug|Any CPU
		{723913FA-7079-456F-A02A-91DC785A13C9}.Debug|Any CPU.Build.0 = Debug|Any CPU
		{723913FA-7079-456F-A02A-91DC785A13C9}.Release|Any CPU.ActiveCfg = Release|Any CPU
		{723913FA-7079-456F-A02A-91DC785A13C9}.Release|Any CPU.Build.0 = Release|Any CPU
		{F3A3B7E7-CF08-4754-8EFF-BE57315709C0}.Debug|Any CPU.ActiveCfg = Debug|Any CPU
		{F3A3B7E7-CF08-4754-8EFF-BE57315709C0}.Debug|Any CPU.Build.0 = Debug|Any CPU
		{F3A3B7E7-CF08-4754-8EFF-BE57315709C0}.Release|Any CPU.ActiveCfg = Release|Any CPU
		{F3A3B7E7-CF08-4754-8EFF-BE57315709C0}.Release|Any CPU.Build.0 = Release|Any CPU
		{3CA53202-B71A-487E-9279-ECD2FAC1EFD8}.Debug|Any CPU.ActiveCfg = Debug|Any CPU
		{3CA53202-B71A-487E-9279-ECD2FAC1EFD8}.Debug|Any CPU.Build.0 = Debug|Any CPU
		{3CA53202-B71A-487E-9279-ECD2FAC1EFD8}.Release|Any CPU.ActiveCfg = Release|Any CPU
		{3CA53202-B71A-487E-9279-ECD2FAC1EFD8}.Release|Any CPU.Build.0 = Release|Any CPU
		{9538D427-DD42-4B08-9592-5881AE024790}.Debug|Any CPU.ActiveCfg = Debug|Any CPU
		{9538D427-DD42-4B08-9592-5881AE024790}.Debug|Any CPU.Build.0 = Debug|Any CPU
		{9538D427-DD42-4B08-9592-5881AE024790}.Release|Any CPU.ActiveCfg = Release|Any CPU
		{9538D427-DD42-4B08-9592-5881AE024790}.Release|Any CPU.Build.0 = Release|Any CPU
		{49B21FC8-A773-4A5D-8915-BFE2A7B15C8A}.Debug|Any CPU.ActiveCfg = Debug|Any CPU
		{49B21FC8-A773-4A5D-8915-BFE2A7B15C8A}.Debug|Any CPU.Build.0 = Debug|Any CPU
		{49B21FC8-A773-4A5D-8915-BFE2A7B15C8A}.Release|Any CPU.ActiveCfg = Release|Any CPU
		{49B21FC8-A773-4A5D-8915-BFE2A7B15C8A}.Release|Any CPU.Build.0 = Release|Any CPU
		{701D94D3-DEE1-4F42-BD2C-D0AB1898ED3D}.Debug|Any CPU.ActiveCfg = Debug|Any CPU
		{701D94D3-DEE1-4F42-BD2C-D0AB1898ED3D}.Debug|Any CPU.Build.0 = Debug|Any CPU
		{701D94D3-DEE1-4F42-BD2C-D0AB1898ED3D}.Release|Any CPU.ActiveCfg = Release|Any CPU
		{701D94D3-DEE1-4F42-BD2C-D0AB1898ED3D}.Release|Any CPU.Build.0 = Release|Any CPU
	EndGlobalSection
	GlobalSection(SolutionProperties) = preSolution
		HideSolutionNode = FALSE
	EndGlobalSection
	GlobalSection(ExtensibilityGlobals) = postSolution
		SolutionGuid = {2B04B79A-D6A4-4629-AD42-239DCFF05C32}
	EndGlobalSection
EndGlobal
